
Microsoft Visual Studio Solution File, Format Version 12.00
# Visual Studio 15
Project("{FAE04EC0-301F-11D3-BF4B-00C04F79EFBC}") = "Assembly-CSharp", "Assembly-CSharp.csproj", "{09724F9A-E72D-2EAF-D1DF-B0458BFCA34C}"
EndProject
Project("{FAE04EC0-301F-11D3-BF4B-00C04F79EFBC}") = "Assembly-CSharp-Editor", "Assembly-CSharp-Editor.csproj", "{C3640578-ECD9-6A33-89CF-B4F0D22596FC}"
EndProject
Global
	GlobalSection(SolutionConfigurationPlatforms) = preSolution
		Debug|Any CPU = Debug|Any CPU
		Release|Any CPU = Release|Any CPU
	EndGlobalSection
	GlobalSection(ProjectConfigurationPlatforms) = postSolution
		{09724F9A-E72D-2EAF-D1DF-B0458BFCA34C}.Debug|Any CPU.ActiveCfg = Debug|Any CPU
		{09724F9A-E72D-2EAF-D1DF-B0458BFCA34C}.Debug|Any CPU.Build.0 = Debug|Any CPU
		{09724F9A-E72D-2EAF-D1DF-B0458BFCA34C}.Release|Any CPU.ActiveCfg = Release|Any CPU
		{09724F9A-E72D-2EAF-D1DF-B0458BFCA34C}.Release|Any CPU.Build.0 = Release|Any CPU
		{C3640578-ECD9-6A33-89CF-B4F0D22596FC}.Debug|Any CPU.ActiveCfg = Debug|Any CPU
		{C3640578-ECD9-6A33-89CF-B4F0D22596FC}.Debug|Any CPU.Build.0 = Debug|Any CPU
		{C3640578-ECD9-6A33-89CF-B4F0D22596FC}.Release|Any CPU.ActiveCfg = Release|Any CPU
		{C3640578-ECD9-6A33-89CF-B4F0D22596FC}.Release|Any CPU.Build.0 = Release|Any CPU
	EndGlobalSection
	GlobalSection(SolutionProperties) = preSolution
		HideSolutionNode = FALSE
	EndGlobalSection
EndGlobal
